
Microsoft Visual Studio Solution File, Format Version 12.00
# Visual Studio 15
VisualStudioVersion = 15.0.28307.421
MinimumVisualStudioVersion = 10.0.40219.1
Project("{FAE04EC0-301F-11D3-BF4B-00C04F79EFBC}") = "BankIS.ConsoleApp", "BankIS.ConsoleApp\BankIS.ConsoleApp.csproj", "{F8C23A08-F4F1-4C5F-AFC4-533244D8695E}"
EndProject
Global
	GlobalSection(SolutionConfigurationPlatforms) = preSolution
		Debug|Any CPU = Debug|Any CPU
		Release|Any CPU = Release|Any CPU
	EndGlobalSection
	GlobalSection(ProjectConfigurationPlatforms) = postSolution
		{F8C23A08-F4F1-4C5F-AFC4-533244D8695E}.Debug|Any CPU.ActiveCfg = Debug|Any CPU
		{F8C23A08-F4F1-4C5F-AFC4-533244D8695E}.Debug|Any CPU.Build.0 = Debug|Any CPU
		{F8C23A08-F4F1-4C5F-AFC4-533244D8695E}.Release|Any CPU.ActiveCfg = Release|Any CPU
		{F8C23A08-F4F1-4C5F-AFC4-533244D8695E}.Release|Any CPU.Build.0 = Release|Any CPU
	EndGlobalSection
	GlobalSection(SolutionProperties) = preSolution
		HideSolutionNode = FALSE
	EndGlobalSection
	GlobalSection(ExtensibilityGlobals) = postSolution
		SolutionGuid = {CD369181-3A51-44C3-ADEE-E91400F30058}
	EndGlobalSection
EndGlobal
